Microsoft Visual Studio Solution File, Format Version 11.00
# Visual Studio 2008

Project("{85BCEE5B-D2F5-3D0D-7ABF-AB1A70392B74}") = "TIOE", "Assembly-CSharp-firstpass-vs.csproj", "{18699C03-7F8D-D328-243C-942168DC1CBC}"
EndProject
Project("{85BCEE5B-D2F5-3D0D-7ABF-AB1A70392B74}") = "TIOE", "Assembly-CSharp-vs.csproj", "{69CDD872-F2AD-72F3-6503-654F2E81DB9F}"
EndProject
Project("{85BCEE5B-D2F5-3D0D-7ABF-AB1A70392B74}") = "TIOE", "Assembly-CSharp-Editor-vs.csproj", "{BAE6358B-C8E3-7F2F-0EF2-99FE55C4A176}"
EndProject
Global
	GlobalSection(SolutionConfigurationPlatforms) = preSolution
		Debug|Any CPU = Debug|Any CPU
		Release|Any CPU = Release|Any CPU
	EndGlobalSection
	GlobalSection(ProjectConfigurationPlatforms) = postSolution
		{18699C03-7F8D-D328-243C-942168DC1CBC}.Debug|Any CPU.ActiveCfg = Debug|Any CPU
		{18699C03-7F8D-D328-243C-942168DC1CBC}.Debug|Any CPU.Build.0 = Debug|Any CPU
		{18699C03-7F8D-D328-243C-942168DC1CBC}.Release|Any CPU.ActiveCfg = Release|Any CPU
		{18699C03-7F8D-D328-243C-942168DC1CBC}.Release|Any CPU.Build.0 = Release|Any CPU
		{69CDD872-F2AD-72F3-6503-654F2E81DB9F}.Debug|Any CPU.ActiveCfg = Debug|Any CPU
		{69CDD872-F2AD-72F3-6503-654F2E81DB9F}.Debug|Any CPU.Build.0 = Debug|Any CPU
		{69CDD872-F2AD-72F3-6503-654F2E81DB9F}.Release|Any CPU.ActiveCfg = Release|Any CPU
		{69CDD872-F2AD-72F3-6503-654F2E81DB9F}.Release|Any CPU.Build.0 = Release|Any CPU
		{BAE6358B-C8E3-7F2F-0EF2-99FE55C4A176}.Debug|Any CPU.ActiveCfg = Debug|Any CPU
		{BAE6358B-C8E3-7F2F-0EF2-99FE55C4A176}.Debug|Any CPU.Build.0 = Debug|Any CPU
		{BAE6358B-C8E3-7F2F-0EF2-99FE55C4A176}.Release|Any CPU.ActiveCfg = Release|Any CPU
		{BAE6358B-C8E3-7F2F-0EF2-99FE55C4A176}.Release|Any CPU.Build.0 = Release|Any CPU
	EndGlobalSection
	GlobalSection(SolutionProperties) = preSolution
		HideSolutionNode = FALSE
	EndGlobalSection
																																																	GlobalSection(MonoDevelopProperties) = preSolution
		StartupItem = Assembly-CSharp.csproj
		Policies = $0
		$0.TextStylePolicy = $1
		$1.inheritsSet = null
		$1.scope = text/x-csharp
		$0.CSharpFormattingPolicy = $2
		$2.inheritsSet = Mono
		$2.inheritsScope = text/x-csharp
		$2.scope = text/x-csharp
		$0.TextStylePolicy = $3
		$3.FileWidth = 120
		$3.TabWidth = 4
		$3.IndentWidth = 4
		$3.EolMarker = Unix
		$3.inheritsSet = Mono
		$3.inheritsScope = text/plain
		$3.scope = text/plain
	EndGlobalSection

EndGlobal
